{
  "version": 4,
  "terraform_version": "1.14.3",
  "serial": 1,
  "lineage": "1eb6317c-cd0f-9811-557a-4df7d1ccfa24",
  "outputs": {},
  "resources": [
    {
      "mode": "managed",
      "type": "local_file",
      "name": "hello",
      "provider": "provider[\"registry.terraform.io/hashicorp/local\"]",
      "instances": [
        {
          "schema_version": 0,
          "attributes": {
            "content": "Hello Terraform 👶",
            "content_base64": null,
            "content_base64sha256": "3VyrHmF24FSOQwKEhXYSVxOWGL5xCjSO6G5gahoofWc=",
            "content_base64sha512": "R+b3IfbNPdL8QPEqcsuyM08+c9wRf0WKaoD0zJ4aBuPZfV5eTylND2R+4/ZC/xwfvhS5HA/duKVltDvm8hsV3g==",
            "content_md5": "a4e7160403bc7e114f7ec0132d548199",
            "content_sha1": "8e0c1c983ae9a34e3cc935d7ad794011caca4efe",
            "content_sha256": "dd5cab1e6176e0548e43028485761257139618be710a348ee86e606a1a287d67",
            "content_sha512": "47e6f721f6cd3dd2fc40f12a72cbb2334f3e73dc117f458a6a80f4cc9e1a06e3d97d5e5e4f294d0f647ee3f642ff1c1fbe14b91c0fddb8a565b43be6f21b15de",
            "directory_permission": "0777",
            "file_permission": "0777",
            "filename": "hello.txt",
            "id": "8e0c1c983ae9a34e3cc935d7ad794011caca4efe",
            "sensitive_content": null,
            "source": null
          },
          "sensitive_attributes": [
            [
              {
                "type": "get_attr",
                "value": "sensitive_content"
              }
            ]
          ],
          "identity_schema_version": 0
        }
      ]
    }
  ],
  "check_results": null
}
