{
  "version": 4,
  "terraform_version": "1.14.3",
  "serial": 3,
  "lineage": "1eb6317c-cd0f-9811-557a-4df7d1ccfa24",
  "outputs": {},
  "resources": [
    {
      "mode": "managed",
      "type": "local_file",
      "name": "hello",
      "provider": "provider[\"registry.terraform.io/hashicorp/local\"]",
      "instances": [
        {
          "schema_version": 0,
          "attributes": {
            "content": "THIS IS VERSION 3 🚀",
            "content_base64": null,
            "content_base64sha256": "LZTEMy+nEyMoxuNKX3KhqZrw5y7TjiZqvs6isUpDFtw=",
            "content_base64sha512": "F8PalfO0S8sQrxf02QkWKzbtVOKyPAMetvtoj0x93nS5hnGyJ35aRIisXm9+AANL/JlGTnnATKjT+NUMWRgItw==",
            "content_md5": "32fe0f5c5d43d3851fe4b00c709734d9",
            "content_sha1": "60df531e162f5083b9e81d80dd81cf7b98cf39aa",
            "content_sha256": "2d94c4332fa7132328c6e34a5f72a1a99af0e72ed38e266abecea2b14a4316dc",
            "content_sha512": "17c3da95f3b44bcb10af17f4d909162b36ed54e2b23c031eb6fb688f4c7dde74b98671b2277e5a4488ac5e6f7e00034bfc99464e79c04ca8d3f8d50c591808b7",
            "directory_permission": "0777",
            "file_permission": "0777",
            "filename": "hello.txt",
            "id": "60df531e162f5083b9e81d80dd81cf7b98cf39aa",
            "sensitive_content": null,
            "source": null
          },
          "sensitive_attributes": [
            [
              {
                "type": "get_attr",
                "value": "sensitive_content"
              }
            ]
          ],
          "identity_schema_version": 0
        }
      ]
    }
  ],
  "check_results": null
}
